// !$*UTF8*$!
{
	archiveVersion = 1;
	classes = {
	};
	objectVersion = 56;
	objects = {

/* Begin PBXBuildFile section */
		73D97BF32B5F18DE0009670A /* FirebaseAuthSwiftUIDemoApp.swift in Sources */ = {isa = PBXBuildFile; fileRef = 73D97BF22B5F18DE0009670A /* FirebaseAuthSwiftUIDemoApp.swift */; };
		73D97BF52B5F18DE0009670A /* ContentView.swift in Sources */ = {isa = PBXBuildFile; fileRef = 73D97BF42B5F18DE0009670A /* ContentView.swift */; };
		73D97BF72B5F18DE0009670A /* Assets.xcassets in Resources */ = {isa = PBXBuildFile; fileRef = 73D97BF62B5F18DE0009670A /* Assets.xcassets */; };
		73D97BFA2B5F18DE0009670A /* Preview Assets.xcassets in Resources */ = {isa = PBXBuildFile; fileRef = 73D97BF92B5F18DE0009670A /* Preview Assets.xcassets */; };
		73D97C082B5F1B8B0009670A /* LoginView.swift in Sources */ = {isa = PBXBuildFile; fileRef = 73D97C072B5F1B8B0009670A /* LoginView.swift */; };
		73D97C0A2B5F1EFC0009670A /* InputView.swift in Sources */ = {isa = PBXBuildFile; fileRef = 73D97C092B5F1EFC0009670A /* InputView.swift */; };
		73D97C0C2B5F36A40009670A /* RegistrationView.swift in Sources */ = {isa = PBXBuildFile; fileRef = 73D97C0B2B5F36A40009670A /* RegistrationView.swift */; };
		73D97C0E2B5F41900009670A /* ProfileView.swift in Sources */ = {isa = PBXBuildFile; fileRef = 73D97C0D2B5F41900009670A /* ProfileView.swift */; };
		73D97C102B5F6EFD0009670A /* SettingsRowView.swift in Sources */ = {isa = PBXBuildFile; fileRef = 73D97C0F2B5F6EFD0009670A /* SettingsRowView.swift */; };
/* End PBXBuildFile section */

/* Begin PBXFileReference section */
		73D97BEF2B5F18DE0009670A /* FirebaseAuthSwiftUIDemo.app */ = {isa = PBXFileReference; explicitFileType = wrapper.application; includeInIndex = 0; path = FirebaseAuthSwiftUIDemo.app; sourceTree = BUILT_PRODUCTS_DIR; };
		73D97BF22B5F18DE0009670A /* FirebaseAuthSwiftUIDemoApp.swift */ = {isa = PBXFileReference; lastKnownFileType = sourcecode.swift; path = FirebaseAuthSwiftUIDemoApp.swift; sourceTree = "<group>"; };
		73D97BF42B5F18DE0009670A /* ContentView.swift */ = {isa = PBXFileReference; lastKnownFileType = sourcecode.swift; path = ContentView.swift; sourceTree = "<group>"; };
		73D97BF62B5F18DE0009670A /* Assets.xcassets */ = {isa = PBXFileReference; lastKnownFileType = folder.assetcatalog; path = Assets.xcassets; sourceTree = "<group>"; };
		73D97BF92B5F18DE0009670A /* Preview Assets.xcassets */ = {isa = PBXFileReference; lastKnownFileType = folder.assetcatalog; path = "Preview Assets.xcassets"; sourceTree = "<group>"; };
		73D97C072B5F1B8B0009670A /* LoginView.swift */ = {isa = PBXFileReference; lastKnownFileType = sourcecode.swift; path = LoginView.swift; sourceTree = "<group>"; };
		73D97C092B5F1EFC0009670A /* InputView.swift */ = {isa = PBXFileReference; lastKnownFileType = sourcecode.swift; path = InputView.swift; sourceTree = "<group>"; };
		73D97C0B2B5F36A40009670A /* RegistrationView.swift */ = {isa = PBXFileReference; lastKnownFileType = sourcecode.swift; path = RegistrationView.swift; sourceTree = "<group>"; };
		73D97C0D2B5F41900009670A /* ProfileView.swift */ = {isa = PBXFileReference; lastKnownFileType = sourcecode.swift; path = ProfileView.swift; sourceTree = "<group>"; };
		73D97C0F2B5F6EFD0009670A /* SettingsRowView.swift */ = {isa = PBXFileReference; lastKnownFileType = sourcecode.swift; path = SettingsRowView.swift; sourceTree = "<group>"; };
/* End PBXFileReference section */

/* Begin PBXFrameworksBuildPhase section */
		73D97BEC2B5F18DE0009670A /* Frameworks */ = {
			isa = PBXFrameworksBuildPhase;
			buildActionMask = 2147483647;
			files = (
			);
			runOnlyForDeploymentPostprocessing = 0;
		};
/* End PBXFrameworksBuildPhase section */

/* Begin PBXGroup section */
		73D97BE62B5F18DE0009670A = {
			isa = PBXGroup;
			children = (
				73D97BF12B5F18DE0009670A /* FirebaseAuthSwiftUIDemo */,
				73D97BF02B5F18DE0009670A /* Products */,
			);
			sourceTree = "<group>";
		};
		73D97BF02B5F18DE0009670A /* Products */ = {
			isa = PBXGroup;
			children = (
				73D97BEF2B5F18DE0009670A /* FirebaseAuthSwiftUIDemo.app */,
			);
			name = Products;
			sourceTree = "<group>";
		};
		73D97BF12B5F18DE0009670A /* FirebaseAuthSwiftUIDemo */ = {
			isa = PBXGroup;
			children = (
				73D97C032B5F19850009670A /* App */,
				73D97C022B5F19820009670A /* Components */,
				73D97C012B5F197B0009670A /* Core */,
				73D97C002B5F19720009670A /* Model */,
				73D97BF62B5F18DE0009670A /* Assets.xcassets */,
				73D97BF82B5F18DE0009670A /* Preview Content */,
			);
			path = FirebaseAuthSwiftUIDemo;
			sourceTree = "<group>";
		};
		73D97BF82B5F18DE0009670A /* Preview Content */ = {
			isa = PBXGroup;
			children = (
				73D97BF92B5F18DE0009670A /* Preview Assets.xcassets */,
			);
			path = "Preview Content";
			sourceTree = "<group>";
		};
		73D97C002B5F19720009670A /* Model */ = {
			isa = PBXGroup;
			children = (
			);
			path = Model;
			sourceTree = "<group>";
		};
		73D97C012B5F197B0009670A /* Core */ = {
			isa = PBXGroup;
			children = (
				73D97C062B5F19EE0009670A /* Authentication */,
				73D97C052B5F19EC0009670A /* Profile */,
				73D97C042B5F19C00009670A /* Root */,
			);
			path = Core;
			sourceTree = "<group>";
		};
		73D97C022B5F19820009670A /* Components */ = {
			isa = PBXGroup;
			children = (
				73D97C092B5F1EFC0009670A /* InputView.swift */,
				73D97C0F2B5F6EFD0009670A /* SettingsRowView.swift */,
			);
			path = Components;
			sourceTree = "<group>";
		};
		73D97C032B5F19850009670A /* App */ = {
			isa = PBXGroup;
			children = (
				73D97BF22B5F18DE0009670A /* FirebaseAuthSwiftUIDemoApp.swift */,
			);
			path = App;
			sourceTree = "<group>";
		};
		73D97C042B5F19C00009670A /* Root */ = {
			isa = PBXGroup;
			children = (
				73D97BF42B5F18DE0009670A /* ContentView.swift */,
			);
			path = Root;
			sourceTree = "<group>";
		};
		73D97C052B5F19EC0009670A /* Profile */ = {
			isa = PBXGroup;
			children = (
				73D97C0D2B5F41900009670A /* ProfileView.swift */,
			);
			path = Profile;
			sourceTree = "<group>";
		};
		73D97C062B5F19EE0009670A /* Authentication */ = {
			isa = PBXGroup;
			children = (
				73D97C072B5F1B8B0009670A /* LoginView.swift */,
				73D97C0B2B5F36A40009670A /* RegistrationView.swift */,
			);
			path = Authentication;
			sourceTree = "<group>";
		};
/* End PBXGroup section */

/* Begin PBXNativeTarget section */
		73D97BEE2B5F18DE0009670A /* FirebaseAuthSwiftUIDemo */ = {
			isa = PBXNativeTarget;
			buildConfigurationList = 73D97BFD2B5F18DE0009670A /* Build configuration list for PBXNativeTarget "FirebaseAuthSwiftUIDemo" */;
			buildPhases = (
				73D97BEB2B5F18DE0009670A /* Sources */,
				73D97BEC2B5F18DE0009670A /* Frameworks */,
				73D97BED2B5F18DE0009670A /* Resources */,
			);
			buildRules = (
			);
			dependencies = (
			);
			name = FirebaseAuthSwiftUIDemo;
			productName = FirebaseAuthSwiftUIDemo;
			productReference = 73D97BEF2B5F18DE0009670A /* FirebaseAuthSwiftUIDemo.app */;
			productType = "com.apple.product-type.application";
		};
/* End PBXNativeTarget section */

/* Begin PBXProject section */
		73D97BE72B5F18DE0009670A /* Project object */ = {
			isa = PBXProject;
			attributes = {
				BuildIndependentTargetsInParallel = 1;
				LastSwiftUpdateCheck = 1420;
				LastUpgradeCheck = 1420;
				TargetAttributes = {
					73D97BEE2B5F18DE0009670A = {
						CreatedOnToolsVersion = 14.2;
					};
				};
			};
			buildConfigurationList = 73D97BEA2B5F18DE0009670A /* Build configuration list for PBXProject "FirebaseAuthSwiftUIDemo" */;
			compatibilityVersion = "Xcode 14.0";
			developmentRegion = en;
			hasScannedForEncodings = 0;
			knownRegions = (
				en,
				Base,
			);
			mainGroup = 73D97BE62B5F18DE0009670A;
			productRefGroup = 73D97BF02B5F18DE0009670A /* Products */;
			projectDirPath = "";
			projectRoot = "";
			targets = (
				73D97BEE2B5F18DE0009670A /* FirebaseAuthSwiftUIDemo */,
			);
		};
/* End PBXProject section */

/* Begin PBXResourcesBuildPhase section */
		73D97BED2B5F18DE0009670A /* Resources */ = {
			isa = PBXResourcesBuildPhase;
			buildActionMask = 2147483647;
			files = (
				73D97BFA2B5F18DE0009670A /* Preview Assets.xcassets in Resources */,
				73D97BF72B5F18DE0009670A /* Assets.xcassets in Resources */,
			);
			runOnlyForDeploymentPostprocessing = 0;
		};
/* End PBXResourcesBuildPhase section */

/* Begin PBXSourcesBuildPhase section */
		73D97BEB2B5F18DE0009670A /* Sources */ = {
			isa = PBXSourcesBuildPhase;
			buildActionMask = 2147483647;
			files = (
				73D97C082B5F1B8B0009670A /* LoginView.swift in Sources */,
				73D97C0A2B5F1EFC0009670A /* InputView.swift in Sources */,
				73D97BF52B5F18DE0009670A /* ContentView.swift in Sources */,
				73D97BF32B5F18DE0009670A /* FirebaseAuthSwiftUIDemoApp.swift in Sources */,
				73D97C0E2B5F41900009670A /* ProfileView.swift in Sources */,
				73D97C0C2B5F36A40009670A /* RegistrationView.swift in Sources */,
				73D97C102B5F6EFD0009670A /* SettingsRowView.swift in Sources */,
			);
			runOnlyForDeploymentPostprocessing = 0;
		};
/* End PBXSourcesBuildPhase section */

/* Begin XCBuildConfiguration section */
		73D97BFB2B5F18DE0009670A /* Debug */ = {
			isa = XCBuildConfiguration;
			buildSettings = {
				ALWAYS_SEARCH_USER_PATHS = NO;
				CLANG_ANALYZER_NONNULL = YES;
				CLANG_ANALYZER_NUMBER_OBJECT_CONVERSION = YES_AGGRESSIVE;
				CLANG_CXX_LANGUAGE_STANDARD = "gnu++20";
				CLANG_ENABLE_MODULES = YES;
				CLANG_ENABLE_OBJC_ARC = YES;
				CLANG_ENABLE_OBJC_WEAK = YES;
				CLANG_WARN_BLOCK_CAPTURE_AUTORELEASING = YES;
				CLANG_WARN_BOOL_CONVERSION = YES;
				CLANG_WARN_COMMA = YES;
				CLANG_WARN_CONSTANT_CONVERSION = YES;
				CLANG_WARN_DEPRECATED_OBJC_IMPLEMENTATIONS = YES;
				CLANG_WARN_DIRECT_OBJC_ISA_USAGE = YES_ERROR;
				CLANG_WARN_DOCUMENTATION_COMMENTS = YES;
				CLANG_WARN_EMPTY_BODY = YES;
				CLANG_WARN_ENUM_CONVERSION = YES;
				CLANG_WARN_INFINITE_RECURSION = YES;
				CLANG_WARN_INT_CONVERSION = YES;
				CLANG_WARN_NON_LITERAL_NULL_CONVERSION = YES;
				CLANG_WARN_OBJC_IMPLICIT_RETAIN_SELF = YES;
				CLANG_WARN_OBJC_LITERAL_CONVERSION = YES;
				CLANG_WARN_OBJC_ROOT_CLASS = YES_ERROR;
				CLANG_WARN_QUOTED_INCLUDE_IN_FRAMEWORK_HEADER = YES;
				CLANG_WARN_RANGE_LOOP_ANALYSIS = YES;
				CLANG_WARN_STRICT_PROTOTYPES = YES;
				CLANG_WARN_SUSPICIOUS_MOVE = YES;
				CLANG_WARN_UNGUARDED_AVAILABILITY = YES_AGGRESSIVE;
				CLANG_WARN_UNREACHABLE_CODE = YES;
				CLANG_WARN__DUPLICATE_METHOD_MATCH = YES;
				COPY_PHASE_STRIP = NO;
				DEBUG_INFORMATION_FORMAT = dwarf;
				ENABLE_STRICT_OBJC_MSGSEND = YES;
				ENABLE_TESTABILITY = YES;
				GCC_C_LANGUAGE_STANDARD = gnu11;
				GCC_DYNAMIC_NO_PIC = NO;
				GCC_NO_COMMON_BLOCKS = YES;
				GCC_OPTIMIZATION_LEVEL = 0;
				GCC_PREPROCESSOR_DEFINITIONS = (
					"DEBUG=1",
					"$(inherited)",
				);
				GCC_WARN_64_TO_32_BIT_CONVERSION = YES;
				GCC_WARN_ABOUT_RETURN_TYPE = YES_ERROR;
				GCC_WARN_UNDECLARED_SELECTOR = YES;
				GCC_WARN_UNINITIALIZED_AUTOS = YES_AGGRESSIVE;
				GCC_WARN_UNUSED_FUNCTION = YES;
				GCC_WARN_UNUSED_VARIABLE = YES;
				IPHONEOS_DEPLOYMENT_TARGET = 16.2;
				MTL_ENABLE_DEBUG_INFO = INCLUDE_SOURCE;
				MTL_FAST_MATH = YES;
				ONLY_ACTIVE_ARCH = YES;
				SDKROOT = iphoneos;
				SWIFT_ACTIVE_COMPILATION_CONDITIONS = DEBUG;
				SWIFT_OPTIMIZATION_LEVEL = "-Onone";
			};
			name = Debug;
		};
		73D97BFC2B5F18DE0009670A /* Release */ = {
			isa = XCBuildConfiguration;
			buildSettings = {
				ALWAYS_SEARCH_USER_PATHS = NO;
				CLANG_ANALYZER_NONNULL = YES;
				CLANG_ANALYZER_NUMBER_OBJECT_CONVERSION = YES_AGGRESSIVE;
				CLANG_CXX_LANGUAGE_STANDARD = "gnu++20";
				CLANG_ENABLE_MODULES = YES;
				CLANG_ENABLE_OBJC_ARC = YES;
				CLANG_ENABLE_OBJC_WEAK = YES;
				CLANG_WARN_BLOCK_CAPTURE_AUTORELEASING = YES;
				CLANG_WARN_BOOL_CONVERSION = YES;
				CLANG_WARN_COMMA = YES;
				CLANG_WARN_CONSTANT_CONVERSION = YES;
				CLANG_WARN_DEPRECATED_OBJC_IMPLEMENTATIONS = YES;
				CLANG_WARN_DIRECT_OBJC_ISA_USAGE = YES_ERROR;
				CLANG_WARN_DOCUMENTATION_COMMENTS = YES;
				CLANG_WARN_EMPTY_BODY = YES;
				CLANG_WARN_ENUM_CONVERSION = YES;
				CLANG_WARN_INFINITE_RECURSION = YES;
				CLANG_WARN_INT_CONVERSION = YES;
				CLANG_WARN_NON_LITERAL_NULL_CONVERSION = YES;
				CLANG_WARN_OBJC_IMPLICIT_RETAIN_SELF = YES;
				CLANG_WARN_OBJC_LITERAL_CONVERSION = YES;
				CLANG_WARN_OBJC_ROOT_CLASS = YES_ERROR;
				CLANG_WARN_QUOTED_INCLUDE_IN_FRAMEWORK_HEADER = YES;
				CLANG_WARN_RANGE_LOOP_ANALYSIS = YES;
				CLANG_WARN_STRICT_PROTOTYPES = YES;
				CLANG_WARN_SUSPICIOUS_MOVE = YES;
				CLANG_WARN_UNGUARDED_AVAILABILITY = YES_AGGRESSIVE;
				CLANG_WARN_UNREACHABLE_CODE = YES;
				CLANG_WARN__DUPLICATE_METHOD_MATCH = YES;
				COPY_PHASE_STRIP = NO;
				DEBUG_INFORMATION_FORMAT = "dwarf-with-dsym";
				ENABLE_NS_ASSERTIONS = NO;
				ENABLE_STRICT_OBJC_MSGSEND = YES;
				GCC_C_LANGUAGE_STANDARD = gnu11;
				GCC_NO_COMMON_BLOCKS = YES;
				GCC_WARN_64_TO_32_BIT_CONVERSION = YES;
				GCC_WARN_ABOUT_RETURN_TYPE = YES_ERROR;
				GCC_WARN_UNDECLARED_SELECTOR = YES;
				GCC_WARN_UNINITIALIZED_AUTOS = YES_AGGRESSIVE;
				GCC_WARN_UNUSED_FUNCTION = YES;
				GCC_WARN_UNUSED_VARIABLE = YES;
				IPHONEOS_DEPLOYMENT_TARGET = 16.2;
				MTL_ENABLE_DEBUG_INFO = NO;
				MTL_FAST_MATH = YES;
				SDKROOT = iphoneos;
				SWIFT_COMPILATION_MODE = wholemodule;
				SWIFT_OPTIMIZATION_LEVEL = "-O";
				VALIDATE_PRODUCT = YES;
			};
			name = Release;
		};
		73D97BFE2B5F18DE0009670A /* Debug */ = {
			isa = XCBuildConfiguration;
			buildSettings = {
				ASSETCATALOG_COMPILER_APPICON_NAME = AppIcon;
				ASSETCATALOG_COMPILER_GLOBAL_ACCENT_COLOR_NAME = AccentColor;
				CODE_SIGN_STYLE = Automatic;
				CURRENT_PROJECT_VERSION = 1;
				DEVELOPMENT_ASSET_PATHS = "\"FirebaseAuthSwiftUIDemo/Preview Content\"";
				DEVELOPMENT_TEAM = J23KSV5MMS;
				ENABLE_PREVIEWS = YES;
				GENERATE_INFOPLIST_FILE = YES;
				INFOPLIST_KEY_UIApplicationSceneManifest_Generation = YES;
				INFOPLIST_KEY_UIApplicationSupportsIndirectInputEvents = YES;
				INFOPLIST_KEY_UILaunchScreen_Generation = YES;
				INFOPLIST_KEY_UISupportedInterfaceOrientations_iPad = "UIInterfaceOrientationPortrait UIInterfaceOrientationPortraitUpsideDown UIInterfaceOrientationLandscapeLeft UIInterfaceOrientationLandscapeRight";
				INFOPLIST_KEY_UISupportedInterfaceOrientations_iPhone = "UIInterfaceOrientationPortrait UIInterfaceOrientationLandscapeLeft UIInterfaceOrientationLandscapeRight";
				LD_RUNPATH_SEARCH_PATHS = (
					"$(inherited)",
					"@executable_path/Frameworks",
				);
				MARKETING_VERSION = 1.0;
				PRODUCT_BUNDLE_IDENTIFIER = me.michaelparekh.FirebaseAuthSwiftUIDemo;
				PRODUCT_NAME = "$(TARGET_NAME)";
				SWIFT_EMIT_LOC_STRINGS = YES;
				SWIFT_VERSION = 5.0;
				TARGETED_DEVICE_FAMILY = "1,2";
			};
			name = Debug;
		};
		73D97BFF2B5F18DE0009670A /* Release */ = {
			isa = XCBuildConfiguration;
			buildSettings = {
				ASSETCATALOG_COMPILER_APPICON_NAME = AppIcon;
				ASSETCATALOG_COMPILER_GLOBAL_ACCENT_COLOR_NAME = AccentColor;
				CODE_SIGN_STYLE = Automatic;
				CURRENT_PROJECT_VERSION = 1;
				DEVELOPMENT_ASSET_PATHS = "\"FirebaseAuthSwiftUIDemo/Preview Content\"";
				DEVELOPMENT_TEAM = J23KSV5MMS;
				ENABLE_PREVIEWS = YES;
				GENERATE_INFOPLIST_FILE = YES;
				INFOPLIST_KEY_UIApplicationSceneManifest_Generation = YES;
				INFOPLIST_KEY_UIApplicationSupportsIndirectInputEvents = YES;
				INFOPLIST_KEY_UILaunchScreen_Generation = YES;
				INFOPLIST_KEY_UISupportedInterfaceOrientations_iPad = "UIInterfaceOrientationPortrait UIInterfaceOrientationPortraitUpsideDown UIInterfaceOrientationLandscapeLeft UIInterfaceOrientationLandscapeRight";
				INFOPLIST_KEY_UISupportedInterfaceOrientations_iPhone = "UIInterfaceOrientationPortrait UIInterfaceOrientationLandscapeLeft UIInterfaceOrientationLandscapeRight";
				LD_RUNPATH_SEARCH_PATHS = (
					"$(inherited)",
					"@executable_path/Frameworks",
				);
				MARKETING_VERSION = 1.0;
				PRODUCT_BUNDLE_IDENTIFIER = me.michaelparekh.FirebaseAuthSwiftUIDemo;
				PRODUCT_NAME = "$(TARGET_NAME)";
				SWIFT_EMIT_LOC_STRINGS = YES;
				SWIFT_VERSION = 5.0;
				TARGETED_DEVICE_FAMILY = "1,2";
			};
			name = Release;
		};
/* End XCBuildConfiguration section */

/* Begin XCConfigurationList section */
		73D97BEA2B5F18DE0009670A /* Build configuration list for PBXProject "FirebaseAuthSwiftUIDemo" */ = {
			isa = XCConfigurationList;
			buildConfigurations = (
				73D97BFB2B5F18DE0009670A /* Debug */,
				73D97BFC2B5F18DE0009670A /* Release */,
			);
			defaultConfigurationIsVisible = 0;
			defaultConfigurationName = Release;
		};
		73D97BFD2B5F18DE0009670A /* Build configuration list for PBXNativeTarget "FirebaseAuthSwiftUIDemo" */ = {
			isa = XCConfigurationList;
			buildConfigurations = (
				73D97BFE2B5F18DE0009670A /* Debug */,
				73D97BFF2B5F18DE0009670A /* Release */,
			);
			defaultConfigurationIsVisible = 0;
			defaultConfigurationName = Release;
		};
/* End XCConfigurationList section */
	};
	rootObject = 73D97BE72B5F18DE0009670A /* Project object */;
}
